
Microsoft Visual Studio Solution File, Format Version 12.00
# Visual Studio Version 16
VisualStudioVersion = 16.0.29418.71
MinimumVisualStudioVersion = 10.0.40219.1
Project("{FAE04EC0-301F-11D3-BF4B-00C04F79EFBC}") = "Malachi.Data", "Malachi.Data\Malachi.Data.csproj", "{3D5FA36F-8B44-4D0B-973D-0C6428C8C57F}"
EndProject
Project("{FAE04EC0-301F-11D3-BF4B-00C04F79EFBC}") = "Malachi.Models", "Malachi.Models\Malachi.Models.csproj", "{02BFC89C-1926-4C9B-B1FF-3C227951B2EB}"
EndProject
Project("{FAE04EC0-301F-11D3-BF4B-00C04F79EFBC}") = "Malachi.ConsoleTwo", "Malachi.ConsoleTwo\Malachi.ConsoleTwo.csproj", "{C4552830-2732-42F2-B47E-544C053289BB}"
EndProject
Project("{FAE04EC0-301F-11D3-BF4B-00C04F79EFBC}") = "Malachi.Services.Api", "Malachi.Services.Api\Malachi.Services.Api.csproj", "{BBD777AE-029A-4ED7-ACC1-99A5A90E92AE}"
EndProject
Project("{FAE04EC0-301F-11D3-BF4B-00C04F79EFBC}") = "Malachi.Web", "Malachi.Web\Malachi.Web.csproj", "{F98C8719-2139-45DC-9DB7-1A9D0BEF1C41}"
EndProject
Global
	GlobalSection(SolutionConfigurationPlatforms) = preSolution
		Debug|Any CPU = Debug|Any CPU
		Release|Any CPU = Release|Any CPU
	EndGlobalSection
	GlobalSection(ProjectConfigurationPlatforms) = postSolution
		{3D5FA36F-8B44-4D0B-973D-0C6428C8C57F}.Debug|Any CPU.ActiveCfg = Debug|Any CPU
		{3D5FA36F-8B44-4D0B-973D-0C6428C8C57F}.Debug|Any CPU.Build.0 = Debug|Any CPU
		{3D5FA36F-8B44-4D0B-973D-0C6428C8C57F}.Release|Any CPU.ActiveCfg = Release|Any CPU
		{3D5FA36F-8B44-4D0B-973D-0C6428C8C57F}.Release|Any CPU.Build.0 = Release|Any CPU
		{02BFC89C-1926-4C9B-B1FF-3C227951B2EB}.Debug|Any CPU.ActiveCfg = Debug|Any CPU
		{02BFC89C-1926-4C9B-B1FF-3C227951B2EB}.Debug|Any CPU.Build.0 = Debug|Any CPU
		{02BFC89C-1926-4C9B-B1FF-3C227951B2EB}.Release|Any CPU.ActiveCfg = Release|Any CPU
		{02BFC89C-1926-4C9B-B1FF-3C227951B2EB}.Release|Any CPU.Build.0 = Release|Any CPU
		{C4552830-2732-42F2-B47E-544C053289BB}.Debug|Any CPU.ActiveCfg = Debug|Any CPU
		{C4552830-2732-42F2-B47E-544C053289BB}.Debug|Any CPU.Build.0 = Debug|Any CPU
		{C4552830-2732-42F2-B47E-544C053289BB}.Release|Any CPU.ActiveCfg = Release|Any CPU
		{C4552830-2732-42F2-B47E-544C053289BB}.Release|Any CPU.Build.0 = Release|Any CPU
		{BBD777AE-029A-4ED7-ACC1-99A5A90E92AE}.Debug|Any CPU.ActiveCfg = Debug|Any CPU
		{BBD777AE-029A-4ED7-ACC1-99A5A90E92AE}.Debug|Any CPU.Build.0 = Debug|Any CPU
		{BBD777AE-029A-4ED7-ACC1-99A5A90E92AE}.Release|Any CPU.ActiveCfg = Release|Any CPU
		{BBD777AE-029A-4ED7-ACC1-99A5A90E92AE}.Release|Any CPU.Build.0 = Release|Any CPU
		{F98C8719-2139-45DC-9DB7-1A9D0BEF1C41}.Debug|Any CPU.ActiveCfg = Debug|Any CPU
		{F98C8719-2139-45DC-9DB7-1A9D0BEF1C41}.Debug|Any CPU.Build.0 = Debug|Any CPU
		{F98C8719-2139-45DC-9DB7-1A9D0BEF1C41}.Release|Any CPU.ActiveCfg = Release|Any CPU
		{F98C8719-2139-45DC-9DB7-1A9D0BEF1C41}.Release|Any CPU.Build.0 = Release|Any CPU
	EndGlobalSection
	GlobalSection(SolutionProperties) = preSolution
		HideSolutionNode = FALSE
	EndGlobalSection
	GlobalSection(ExtensibilityGlobals) = postSolution
		SolutionGuid = {D4BD57C2-96DE-40A2-A52E-C26D7A8DC874}
	EndGlobalSection
EndGlobal
